
Microsoft Visual Studio Solution File, Format Version 12.00
# Visual Studio Version 17
VisualStudioVersion = 17.10.35122.118
MinimumVisualStudioVersion = 10.0.40219.1
Project("{FAE04EC0-301F-11D3-BF4B-00C04F79EFBC}") = "tim_so_lon_nhat_bang_foreach", "tim_so_lon_nhat_bang_foreach\tim_so_lon_nhat_bang_foreach.csproj", "{35E1CCDF-7E48-498B-AC05-656FB93099E4}"
EndProject
Global
	GlobalSection(SolutionConfigurationPlatforms) = preSolution
		Debug|Any CPU = Debug|Any CPU
		Release|Any CPU = Release|Any CPU
	EndGlobalSection
	GlobalSection(ProjectConfigurationPlatforms) = postSolution
		{35E1CCDF-7E48-498B-AC05-656FB93099E4}.Debug|Any CPU.ActiveCfg = Debug|Any CPU
		{35E1CCDF-7E48-498B-AC05-656FB93099E4}.Debug|Any CPU.Build.0 = Debug|Any CPU
		{35E1CCDF-7E48-498B-AC05-656FB93099E4}.Release|Any CPU.ActiveCfg = Release|Any CPU
		{35E1CCDF-7E48-498B-AC05-656FB93099E4}.Release|Any CPU.Build.0 = Release|Any CPU
	EndGlobalSection
	GlobalSection(SolutionProperties) = preSolution
		HideSolutionNode = FALSE
	EndGlobalSection
	GlobalSection(ExtensibilityGlobals) = postSolution
		SolutionGuid = {7FC65F72-8C77-438E-B209-D0F2DB858C3B}
	EndGlobalSection
EndGlobal
