
Microsoft Visual Studio Solution File, Format Version 12.00
# Visual Studio Version 17
VisualStudioVersion = 17.10.35122.118
MinimumVisualStudioVersion = 10.0.40219.1
Project("{FAE04EC0-301F-11D3-BF4B-00C04F79EFBC}") = "ConsoleApp1", "ConsoleApp1\ConsoleApp1.csproj", "{F8F51E7B-E33E-4B1C-9327-B57E57F26F25}"
EndProject
Global
	GlobalSection(SolutionConfigurationPlatforms) = preSolution
		Debug|Any CPU = Debug|Any CPU
		Release|Any CPU = Release|Any CPU
	EndGlobalSection
	GlobalSection(ProjectConfigurationPlatforms) = postSolution
		{F8F51E7B-E33E-4B1C-9327-B57E57F26F25}.Debug|Any CPU.ActiveCfg = Debug|Any CPU
		{F8F51E7B-E33E-4B1C-9327-B57E57F26F25}.Debug|Any CPU.Build.0 = Debug|Any CPU
		{F8F51E7B-E33E-4B1C-9327-B57E57F26F25}.Release|Any CPU.ActiveCfg = Release|Any CPU
		{F8F51E7B-E33E-4B1C-9327-B57E57F26F25}.Release|Any CPU.Build.0 = Release|Any CPU
	EndGlobalSection
	GlobalSection(SolutionProperties) = preSolution
		HideSolutionNode = FALSE
	EndGlobalSection
	GlobalSection(ExtensibilityGlobals) = postSolution
		SolutionGuid = {50CC6AF4-C3EE-4723-AEF8-9DE49D4EDB0E}
	EndGlobalSection
EndGlobal
