
Microsoft Visual Studio Solution File, Format Version 12.00
# Visual Studio Version 17
VisualStudioVersion = 17.10.35122.118
MinimumVisualStudioVersion = 10.0.40219.1
Project("{FAE04EC0-301F-11D3-BF4B-00C04F79EFBC}") = "Bai5_kiem_tra_chuoi_doi_xung", "Bai5_kiem_tra_chuoi_doi_xung\Bai5_kiem_tra_chuoi_doi_xung.csproj", "{8B30EF6F-FB96-4AA8-A32F-AAC8EFD69954}"
EndProject
Global
	GlobalSection(SolutionConfigurationPlatforms) = preSolution
		Debug|Any CPU = Debug|Any CPU
		Release|Any CPU = Release|Any CPU
	EndGlobalSection
	GlobalSection(ProjectConfigurationPlatforms) = postSolution
		{8B30EF6F-FB96-4AA8-A32F-AAC8EFD69954}.Debug|Any CPU.ActiveCfg = Debug|Any CPU
		{8B30EF6F-FB96-4AA8-A32F-AAC8EFD69954}.Debug|Any CPU.Build.0 = Debug|Any CPU
		{8B30EF6F-FB96-4AA8-A32F-AAC8EFD69954}.Release|Any CPU.ActiveCfg = Release|Any CPU
		{8B30EF6F-FB96-4AA8-A32F-AAC8EFD69954}.Release|Any CPU.Build.0 = Release|Any CPU
	EndGlobalSection
	GlobalSection(SolutionProperties) = preSolution
		HideSolutionNode = FALSE
	EndGlobalSection
	GlobalSection(ExtensibilityGlobals) = postSolution
		SolutionGuid = {E6E4C6A7-27A6-4AA8-94CB-931DD9764744}
	EndGlobalSection
EndGlobal
